// !$*UTF8*$!
{
	archiveVersion = 1;
	classes = {
	};
	objectVersion = 50;
	objects = {

/* Begin PBXBuildFile section */
		3FF75D4B26B1B2DB00BDE575 /* AppDelegate.swift in Sources */ = {isa = PBXBuildFile; fileRef = 3FF75D4A26B1B2DB00BDE575 /* AppDelegate.swift */; };
		3FF75D4D26B1B2DB00BDE575 /* SceneDelegate.swift in Sources */ = {isa = PBXBuildFile; fileRef = 3FF75D4C26B1B2DB00BDE575 /* SceneDelegate.swift */; };
		3FF75D4F26B1B2DB00BDE575 /* ViewController.swift in Sources */ = {isa = PBXBuildFile; fileRef = 3FF75D4E26B1B2DB00BDE575 /* ViewController.swift */; };
		3FF75D5226B1B2DB00BDE575 /* Main.storyboard in Resources */ = {isa = PBXBuildFile; fileRef = 3FF75D5026B1B2DB00BDE575 /* Main.storyboard */; };
		3FF75D5426B1B2E000BDE575 /* Assets.xcassets in Resources */ = {isa = PBXBuildFile; fileRef = 3FF75D5326B1B2E000BDE575 /* Assets.xcassets */; };
		3FF75D5726B1B2E000BDE575 /* LaunchScreen.storyboard in Resources */ = {isa = PBXBuildFile; fileRef = 3FF75D5526B1B2E000BDE575 /* LaunchScreen.storyboard */; };
		3FF75D6226B1B2E000BDE575 /* Navagation_AppTests.swift in Sources */ = {isa = PBXBuildFile; fileRef = 3FF75D6126B1B2E000BDE575 /* Navagation_AppTests.swift */; };
		3FF75D6D26B1B2E000BDE575 /* Navagation_AppUITests.swift in Sources */ = {isa = PBXBuildFile; fileRef = 3FF75D6C26B1B2E000BDE575 /* Navagation_AppUITests.swift */; };
/* End PBXBuildFile section */

/* Begin PBXContainerItemProxy section */
		3FF75D5E26B1B2E000BDE575 /* PBXContainerItemProxy */ = {
			isa = PBXContainerItemProxy;
			containerPortal = 3FF75D3F26B1B2DB00BDE575 /* Project object */;
			proxyType = 1;
			remoteGlobalIDString = 3FF75D4626B1B2DB00BDE575;
			remoteInfo = "Navagation App";
		};
		3FF75D6926B1B2E000BDE575 /* PBXContainerItemProxy */ = {
			isa = PBXContainerItemProxy;
			containerPortal = 3FF75D3F26B1B2DB00BDE575 /* Project object */;
			proxyType = 1;
			remoteGlobalIDString = 3FF75D4626B1B2DB00BDE575;
			remoteInfo = "Navagation App";
		};
/* End PBXContainerItemProxy section */

/* Begin PBXFileReference section */
		3FF75D4726B1B2DB00BDE575 /* Navagation App.app */ = {isa = PBXFileReference; explicitFileType = wrapper.application; includeInIndex = 0; path = "Navagation App.app"; sourceTree = BUILT_PRODUCTS_DIR; };
		3FF75D4A26B1B2DB00BDE575 /* AppDelegate.swift */ = {isa = PBXFileReference; lastKnownFileType = sourcecode.swift; path = AppDelegate.swift; sourceTree = "<group>"; };
		3FF75D4C26B1B2DB00BDE575 /* SceneDelegate.swift */ = {isa = PBXFileReference; lastKnownFileType = sourcecode.swift; path = SceneDelegate.swift; sourceTree = "<group>"; };
		3FF75D4E26B1B2DB00BDE575 /* ViewController.swift */ = {isa = PBXFileReference; lastKnownFileType = sourcecode.swift; path = ViewController.swift; sourceTree = "<group>"; };
		3FF75D5126B1B2DB00BDE575 /* Base */ = {isa = PBXFileReference; lastKnownFileType = file.storyboard; name = Base; path = Base.lproj/Main.storyboard; sourceTree = "<group>"; };
		3FF75D5326B1B2E000BDE575 /* Assets.xcassets */ = {isa = PBXFileReference; lastKnownFileType = folder.assetcatalog; path = Assets.xcassets; sourceTree = "<group>"; };
		3FF75D5626B1B2E000BDE575 /* Base */ = {isa = PBXFileReference; lastKnownFileType = file.storyboard; name = Base; path = Base.lproj/LaunchScreen.storyboard; sourceTree = "<group>"; };
		3FF75D5826B1B2E000BDE575 /* Info.plist */ = {isa = PBXFileReference; lastKnownFileType = text.plist.xml; path = Info.plist; sourceTree = "<group>"; };
		3FF75D5D26B1B2E000BDE575 /* Navagation AppTests.xctest */ = {isa = PBXFileReference; explicitFileType = wrapper.cfbundle; includeInIndex = 0; path = "Navagation AppTests.xctest"; sourceTree = BUILT_PRODUCTS_DIR; };
		3FF75D6126B1B2E000BDE575 /* Navagation_AppTests.swift */ = {isa = PBXFileReference; lastKnownFileType = sourcecode.swift; path = Navagation_AppTests.swift; sourceTree = "<group>"; };
		3FF75D6326B1B2E000BDE575 /* Info.plist */ = {isa = PBXFileReference; lastKnownFileType = text.plist.xml; path = Info.plist; sourceTree = "<group>"; };
		3FF75D6826B1B2E000BDE575 /* Navagation AppUITests.xctest */ = {isa = PBXFileReference; explicitFileType = wrapper.cfbundle; includeInIndex = 0; path = "Navagation AppUITests.xctest"; sourceTree = BUILT_PRODUCTS_DIR; };
		3FF75D6C26B1B2E000BDE575 /* Navagation_AppUITests.swift */ = {isa = PBXFileReference; lastKnownFileType = sourcecode.swift; path = Navagation_AppUITests.swift; sourceTree = "<group>"; };
		3FF75D6E26B1B2E000BDE575 /* Info.plist */ = {isa = PBXFileReference; lastKnownFileType = text.plist.xml; path = Info.plist; sourceTree = "<group>"; };
/* End PBXFileReference section */

/* Begin PBXFrameworksBuildPhase section */
		3FF75D4426B1B2DB00BDE575 /* Frameworks */ = {
			isa = PBXFrameworksBuildPhase;
			buildActionMask = 2147483647;
			files = (
			);
			runOnlyForDeploymentPostprocessing = 0;
		};
		3FF75D5A26B1B2E000BDE575 /* Frameworks */ = {
			isa = PBXFrameworksBuildPhase;
			buildActionMask = 2147483647;
			files = (
			);
			runOnlyForDeploymentPostprocessing = 0;
		};
		3FF75D6526B1B2E000BDE575 /* Frameworks */ = {
			isa = PBXFrameworksBuildPhase;
			buildActionMask = 2147483647;
			files = (
			);
			runOnlyForDeploymentPostprocessing = 0;
		};
/* End PBXFrameworksBuildPhase section */

/* Begin PBXGroup section */
		3FF75D3E26B1B2DB00BDE575 = {
			isa = PBXGroup;
			children = (
				3FF75D4926B1B2DB00BDE575 /* Navagation App */,
				3FF75D6026B1B2E000BDE575 /* Navagation AppTests */,
				3FF75D6B26B1B2E000BDE575 /* Navagation AppUITests */,
				3FF75D4826B1B2DB00BDE575 /* Products */,
			);
			sourceTree = "<group>";
		};
		3FF75D4826B1B2DB00BDE575 /* Products */ = {
			isa = PBXGroup;
			children = (
				3FF75D4726B1B2DB00BDE575 /* Navagation App.app */,
				3FF75D5D26B1B2E000BDE575 /* Navagation AppTests.xctest */,
				3FF75D6826B1B2E000BDE575 /* Navagation AppUITests.xctest */,
			);
			name = Products;
			sourceTree = "<group>";
		};
		3FF75D4926B1B2DB00BDE575 /* Navagation App */ = {
			isa = PBXGroup;
			children = (
				3FF75D4A26B1B2DB00BDE575 /* AppDelegate.swift */,
				3FF75D4C26B1B2DB00BDE575 /* SceneDelegate.swift */,
				3FF75D4E26B1B2DB00BDE575 /* ViewController.swift */,
				3FF75D5026B1B2DB00BDE575 /* Main.storyboard */,
				3FF75D5326B1B2E000BDE575 /* Assets.xcassets */,
				3FF75D5526B1B2E000BDE575 /* LaunchScreen.storyboard */,
				3FF75D5826B1B2E000BDE575 /* Info.plist */,
			);
			path = "Navagation App";
			sourceTree = "<group>";
		};
		3FF75D6026B1B2E000BDE575 /* Navagation AppTests */ = {
			isa = PBXGroup;
			children = (
				3FF75D6126B1B2E000BDE575 /* Navagation_AppTests.swift */,
				3FF75D6326B1B2E000BDE575 /* Info.plist */,
			);
			path = "Navagation AppTests";
			sourceTree = "<group>";
		};
		3FF75D6B26B1B2E000BDE575 /* Navagation AppUITests */ = {
			isa = PBXGroup;
			children = (
				3FF75D6C26B1B2E000BDE575 /* Navagation_AppUITests.swift */,
				3FF75D6E26B1B2E000BDE575 /* Info.plist */,
			);
			path = "Navagation AppUITests";
			sourceTree = "<group>";
		};
/* End PBXGroup section */

/* Begin PBXNativeTarget section */
		3FF75D4626B1B2DB00BDE575 /* Navagation App */ = {
			isa = PBXNativeTarget;
			buildConfigurationList = 3FF75D7126B1B2E000BDE575 /* Build configuration list for PBXNativeTarget "Navagation App" */;
			buildPhases = (
				3FF75D4326B1B2DB00BDE575 /* Sources */,
				3FF75D4426B1B2DB00BDE575 /* Frameworks */,
				3FF75D4526B1B2DB00BDE575 /* Resources */,
			);
			buildRules = (
			);
			dependencies = (
			);
			name = "Navagation App";
			productName = "Navagation App";
			productReference = 3FF75D4726B1B2DB00BDE575 /* Navagation App.app */;
			productType = "com.apple.product-type.application";
		};
		3FF75D5C26B1B2E000BDE575 /* Navagation AppTests */ = {
			isa = PBXNativeTarget;
			buildConfigurationList = 3FF75D7426B1B2E000BDE575 /* Build configuration list for PBXNativeTarget "Navagation AppTests" */;
			buildPhases = (
				3FF75D5926B1B2E000BDE575 /* Sources */,
				3FF75D5A26B1B2E000BDE575 /* Frameworks */,
				3FF75D5B26B1B2E000BDE575 /* Resources */,
			);
			buildRules = (
			);
			dependencies = (
				3FF75D5F26B1B2E000BDE575 /* PBXTargetDependency */,
			);
			name = "Navagation AppTests";
			productName = "Navagation AppTests";
			productReference = 3FF75D5D26B1B2E000BDE575 /* Navagation AppTests.xctest */;
			productType = "com.apple.product-type.bundle.unit-test";
		};
		3FF75D6726B1B2E000BDE575 /* Navagation AppUITests */ = {
			isa = PBXNativeTarget;
			buildConfigurationList = 3FF75D7726B1B2E000BDE575 /* Build configuration list for PBXNativeTarget "Navagation AppUITests" */;
			buildPhases = (
				3FF75D6426B1B2E000BDE575 /* Sources */,
				3FF75D6526B1B2E000BDE575 /* Frameworks */,
				3FF75D6626B1B2E000BDE575 /* Resources */,
			);
			buildRules = (
			);
			dependencies = (
				3FF75D6A26B1B2E000BDE575 /* PBXTargetDependency */,
			);
			name = "Navagation AppUITests";
			productName = "Navagation AppUITests";
			productReference = 3FF75D6826B1B2E000BDE575 /* Navagation AppUITests.xctest */;
			productType = "com.apple.product-type.bundle.ui-testing";
		};
/* End PBXNativeTarget section */

/* Begin PBXProject section */
		3FF75D3F26B1B2DB00BDE575 /* Project object */ = {
			isa = PBXProject;
			attributes = {
				LastSwiftUpdateCheck = 1250;
				LastUpgradeCheck = 1250;
				TargetAttributes = {
					3FF75D4626B1B2DB00BDE575 = {
						CreatedOnToolsVersion = 12.5;
					};
					3FF75D5C26B1B2E000BDE575 = {
						CreatedOnToolsVersion = 12.5;
						TestTargetID = 3FF75D4626B1B2DB00BDE575;
					};
					3FF75D6726B1B2E000BDE575 = {
						CreatedOnToolsVersion = 12.5;
						TestTargetID = 3FF75D4626B1B2DB00BDE575;
					};
				};
			};
			buildConfigurationList = 3FF75D4226B1B2DB00BDE575 /* Build configuration list for PBXProject "Navagation App" */;
			compatibilityVersion = "Xcode 9.3";
			developmentRegion = en;
			hasScannedForEncodings = 0;
			knownRegions = (
				en,
				Base,
			);
			mainGroup = 3FF75D3E26B1B2DB00BDE575;
			productRefGroup = 3FF75D4826B1B2DB00BDE575 /* Products */;
			projectDirPath = "";
			projectRoot = "";
			targets = (
				3FF75D4626B1B2DB00BDE575 /* Navagation App */,
				3FF75D5C26B1B2E000BDE575 /* Navagation AppTests */,
				3FF75D6726B1B2E000BDE575 /* Navagation AppUITests */,
			);
		};
/* End PBXProject section */

/* Begin PBXResourcesBuildPhase section */
		3FF75D4526B1B2DB00BDE575 /* Resources */ = {
			isa = PBXResourcesBuildPhase;
			buildActionMask = 2147483647;
			files = (
				3FF75D5726B1B2E000BDE575 /* LaunchScreen.storyboard in Resources */,
				3FF75D5426B1B2E000BDE575 /* Assets.xcassets in Resources */,
				3FF75D5226B1B2DB00BDE575 /* Main.storyboard in Resources */,
			);
			runOnlyForDeploymentPostprocessing = 0;
		};
		3FF75D5B26B1B2E000BDE575 /* Resources */ = {
			isa = PBXResourcesBuildPhase;
			buildActionMask = 2147483647;
			files = (
			);
			runOnlyForDeploymentPostprocessing = 0;
		};
		3FF75D6626B1B2E000BDE575 /* Resources */ = {
			isa = PBXResourcesBuildPhase;
			buildActionMask = 2147483647;
			files = (
			);
			runOnlyForDeploymentPostprocessing = 0;
		};
/* End PBXResourcesBuildPhase section */

/* Begin PBXSourcesBuildPhase section */
		3FF75D4326B1B2DB00BDE575 /* Sources */ = {
			isa = PBXSourcesBuildPhase;
			buildActionMask = 2147483647;
			files = (
				3FF75D4F26B1B2DB00BDE575 /* ViewController.swift in Sources */,
				3FF75D4B26B1B2DB00BDE575 /* AppDelegate.swift in Sources */,
				3FF75D4D26B1B2DB00BDE575 /* SceneDelegate.swift in Sources */,
			);
			runOnlyForDeploymentPostprocessing = 0;
		};
		3FF75D5926B1B2E000BDE575 /* Sources */ = {
			isa = PBXSourcesBuildPhase;
			buildActionMask = 2147483647;
			files = (
				3FF75D6226B1B2E000BDE575 /* Navagation_AppTests.swift in Sources */,
			);
			runOnlyForDeploymentPostprocessing = 0;
		};
		3FF75D6426B1B2E000BDE575 /* Sources */ = {
			isa = PBXSourcesBuildPhase;
			buildActionMask = 2147483647;
			files = (
				3FF75D6D26B1B2E000BDE575 /* Navagation_AppUITests.swift in Sources */,
			);
			runOnlyForDeploymentPostprocessing = 0;
		};
/* End PBXSourcesBuildPhase section */

/* Begin PBXTargetDependency section */
		3FF75D5F26B1B2E000BDE575 /* PBXTargetDependency */ = {
			isa = PBXTargetDependency;
			target = 3FF75D4626B1B2DB00BDE575 /* Navagation App */;
			targetProxy = 3FF75D5E26B1B2E000BDE575 /* PBXContainerItemProxy */;
		};
		3FF75D6A26B1B2E000BDE575 /* PBXTargetDependency */ = {
			isa = PBXTargetDependency;
			target = 3FF75D4626B1B2DB00BDE575 /* Navagation App */;
			targetProxy = 3FF75D6926B1B2E000BDE575 /* PBXContainerItemProxy */;
		};
/* End PBXTargetDependency section */

/* Begin PBXVariantGroup section */
		3FF75D5026B1B2DB00BDE575 /* Main.storyboard */ = {
			isa = PBXVariantGroup;
			children = (
				3FF75D5126B1B2DB00BDE575 /* Base */,
			);
			name = Main.storyboard;
			sourceTree = "<group>";
		};
		3FF75D5526B1B2E000BDE575 /* LaunchScreen.storyboard */ = {
			isa = PBXVariantGroup;
			children = (
				3FF75D5626B1B2E000BDE575 /* Base */,
			);
			name = LaunchScreen.storyboard;
			sourceTree = "<group>";
		};
/* End PBXVariantGroup section */

/* Begin XCBuildConfiguration section */
		3FF75D6F26B1B2E000BDE575 /* Debug */ = {
			isa = XCBuildConfiguration;
			buildSettings = {
				ALWAYS_SEARCH_USER_PATHS = NO;
				CLANG_ANALYZER_NONNULL = YES;
				CLANG_ANALYZER_NUMBER_OBJECT_CONVERSION = YES_AGGRESSIVE;
				CLANG_CXX_LANGUAGE_STANDARD = "gnu++14";
				CLANG_CXX_LIBRARY = "libc++";
				CLANG_ENABLE_MODULES = YES;
				CLANG_ENABLE_OBJC_ARC = YES;
				CLANG_ENABLE_OBJC_WEAK = YES;
				CLANG_WARN_BLOCK_CAPTURE_AUTORELEASING = YES;
				CLANG_WARN_BOOL_CONVERSION = YES;
				CLANG_WARN_COMMA = YES;
				CLANG_WARN_CONSTANT_CONVERSION = YES;
				CLANG_WARN_DEPRECATED_OBJC_IMPLEMENTATIONS = YES;
				CLANG_WARN_DIRECT_OBJC_ISA_USAGE = YES_ERROR;
				CLANG_WARN_DOCUMENTATION_COMMENTS = YES;
				CLANG_WARN_EMPTY_BODY = YES;
				CLANG_WARN_ENUM_CONVERSION = YES;
				CLANG_WARN_INFINITE_RECURSION = YES;
				CLANG_WARN_INT_CONVERSION = YES;
				CLANG_WARN_NON_LITERAL_NULL_CONVERSION = YES;
				CLANG_WARN_OBJC_IMPLICIT_RETAIN_SELF = YES;
				CLANG_WARN_OBJC_LITERAL_CONVERSION = YES;
				CLANG_WARN_OBJC_ROOT_CLASS = YES_ERROR;
				CLANG_WARN_QUOTED_INCLUDE_IN_FRAMEWORK_HEADER = YES;
				CLANG_WARN_RANGE_LOOP_ANALYSIS = YES;
				CLANG_WARN_STRICT_PROTOTYPES = YES;
				CLANG_WARN_SUSPICIOUS_MOVE = YES;
				CLANG_WARN_UNGUARDED_AVAILABILITY = YES_AGGRESSIVE;
				CLANG_WARN_UNREACHABLE_CODE = YES;
				CLANG_WARN__DUPLICATE_METHOD_MATCH = YES;
				COPY_PHASE_STRIP = NO;
				DEBUG_INFORMATION_FORMAT = dwarf;
				ENABLE_STRICT_OBJC_MSGSEND = YES;
				ENABLE_TESTABILITY = YES;
				GCC_C_LANGUAGE_STANDARD = gnu11;
				GCC_DYNAMIC_NO_PIC = NO;
				GCC_NO_COMMON_BLOCKS = YES;
				GCC_OPTIMIZATION_LEVEL = 0;
				GCC_PREPROCESSOR_DEFINITIONS = (
					"DEBUG=1",
					"$(inherited)",
				);
				GCC_WARN_64_TO_32_BIT_CONVERSION = YES;
				GCC_WARN_ABOUT_RETURN_TYPE = YES_ERROR;
				GCC_WARN_UNDECLARED_SELECTOR = YES;
				GCC_WARN_UNINITIALIZED_AUTOS = YES_AGGRESSIVE;
				GCC_WARN_UNUSED_FUNCTION = YES;
				GCC_WARN_UNUSED_VARIABLE = YES;
				IPHONEOS_DEPLOYMENT_TARGET = 14.5;
				MTL_ENABLE_DEBUG_INFO = INCLUDE_SOURCE;
				MTL_FAST_MATH = YES;
				ONLY_ACTIVE_ARCH = YES;
				SDKROOT = iphoneos;
				SWIFT_ACTIVE_COMPILATION_CONDITIONS = DEBUG;
				SWIFT_OPTIMIZATION_LEVEL = "-Onone";
			};
			name = Debug;
		};
		3FF75D7026B1B2E000BDE575 /* Release */ = {
			isa = XCBuildConfiguration;
			buildSettings = {
				ALWAYS_SEARCH_USER_PATHS = NO;
				CLANG_ANALYZER_NONNULL = YES;
				CLANG_ANALYZER_NUMBER_OBJECT_CONVERSION = YES_AGGRESSIVE;
				CLANG_CXX_LANGUAGE_STANDARD = "gnu++14";
				CLANG_CXX_LIBRARY = "libc++";
				CLANG_ENABLE_MODULES = YES;
				CLANG_ENABLE_OBJC_ARC = YES;
				CLANG_ENABLE_OBJC_WEAK = YES;
				CLANG_WARN_BLOCK_CAPTURE_AUTORELEASING = YES;
				CLANG_WARN_BOOL_CONVERSION = YES;
				CLANG_WARN_COMMA = YES;
				CLANG_WARN_CONSTANT_CONVERSION = YES;
				CLANG_WARN_DEPRECATED_OBJC_IMPLEMENTATIONS = YES;
				CLANG_WARN_DIRECT_OBJC_ISA_USAGE = YES_ERROR;
				CLANG_WARN_DOCUMENTATION_COMMENTS = YES;
				CLANG_WARN_EMPTY_BODY = YES;
				CLANG_WARN_ENUM_CONVERSION = YES;
				CLANG_WARN_INFINITE_RECURSION = YES;
				CLANG_WARN_INT_CONVERSION = YES;
				CLANG_WARN_NON_LITERAL_NULL_CONVERSION = YES;
				CLANG_WARN_OBJC_IMPLICIT_RETAIN_SELF = YES;
				CLANG_WARN_OBJC_LITERAL_CONVERSION = YES;
				CLANG_WARN_OBJC_ROOT_CLASS = YES_ERROR;
				CLANG_WARN_QUOTED_INCLUDE_IN_FRAMEWORK_HEADER = YES;
				CLANG_WARN_RANGE_LOOP_ANALYSIS = YES;
				CLANG_WARN_STRICT_PROTOTYPES = YES;
				CLANG_WARN_SUSPICIOUS_MOVE = YES;
				CLANG_WARN_UNGUARDED_AVAILABILITY = YES_AGGRESSIVE;
				CLANG_WARN_UNREACHABLE_CODE = YES;
				CLANG_WARN__DUPLICATE_METHOD_MATCH = YES;
				COPY_PHASE_STRIP = NO;
				DEBUG_INFORMATION_FORMAT = "dwarf-with-dsym";
				ENABLE_NS_ASSERTIONS = NO;
				ENABLE_STRICT_OBJC_MSGSEND = YES;
				GCC_C_LANGUAGE_STANDARD = gnu11;
				GCC_NO_COMMON_BLOCKS = YES;
				GCC_WARN_64_TO_32_BIT_CONVERSION = YES;
				GCC_WARN_ABOUT_RETURN_TYPE = YES_ERROR;
				GCC_WARN_UNDECLARED_SELECTOR = YES;
				GCC_WARN_UNINITIALIZED_AUTOS = YES_AGGRESSIVE;
				GCC_WARN_UNUSED_FUNCTION = YES;
				GCC_WARN_UNUSED_VARIABLE = YES;
				IPHONEOS_DEPLOYMENT_TARGET = 14.5;
				MTL_ENABLE_DEBUG_INFO = NO;
				MTL_FAST_MATH = YES;
				SDKROOT = iphoneos;
				SWIFT_COMPILATION_MODE = wholemodule;
				SWIFT_OPTIMIZATION_LEVEL = "-O";
				VALIDATE_PRODUCT = YES;
			};
			name = Release;
		};
		3FF75D7226B1B2E000BDE575 /* Debug */ = {
			isa = XCBuildConfiguration;
			buildSettings = {
				ASSETCATALOG_COMPILER_APPICON_NAME = AppIcon;
				ASSETCATALOG_COMPILER_GLOBAL_ACCENT_COLOR_NAME = AccentColor;
				CODE_SIGN_STYLE = Automatic;
				INFOPLIST_FILE = "Navagation App/Info.plist";
				LD_RUNPATH_SEARCH_PATHS = (
					"$(inherited)",
					"@executable_path/Frameworks",
				);
				PRODUCT_BUNDLE_IDENTIFIER = "Genesys-Works.Navagation-App";
				PRODUCT_NAME = "$(TARGET_NAME)";
				SWIFT_VERSION = 5.0;
				TARGETED_DEVICE_FAMILY = "1,2";
			};
			name = Debug;
		};
		3FF75D7326B1B2E000BDE575 /* Release */ = {
			isa = XCBuildConfiguration;
			buildSettings = {
				ASSETCATALOG_COMPILER_APPICON_NAME = AppIcon;
				ASSETCATALOG_COMPILER_GLOBAL_ACCENT_COLOR_NAME = AccentColor;
				CODE_SIGN_STYLE = Automatic;
				INFOPLIST_FILE = "Navagation App/Info.plist";
				LD_RUNPATH_SEARCH_PATHS = (
					"$(inherited)",
					"@executable_path/Frameworks",
				);
				PRODUCT_BUNDLE_IDENTIFIER = "Genesys-Works.Navagation-App";
				PRODUCT_NAME = "$(TARGET_NAME)";
				SWIFT_VERSION = 5.0;
				TARGETED_DEVICE_FAMILY = "1,2";
			};
			name = Release;
		};
		3FF75D7526B1B2E000BDE575 /* Debug */ = {
			isa = XCBuildConfiguration;
			buildSettings = {
				ALWAYS_EMBED_SWIFT_STANDARD_LIBRARIES = YES;
				BUNDLE_LOADER = "$(TEST_HOST)";
				CODE_SIGN_STYLE = Automatic;
				INFOPLIST_FILE = "Navagation AppTests/Info.plist";
				IPHONEOS_DEPLOYMENT_TARGET = 14.5;
				LD_RUNPATH_SEARCH_PATHS = (
					"$(inherited)",
					"@executable_path/Frameworks",
					"@loader_path/Frameworks",
				);
				PRODUCT_BUNDLE_IDENTIFIER = "Genesys-Works.Navagation-AppTests";
				PRODUCT_NAME = "$(TARGET_NAME)";
				SWIFT_VERSION = 5.0;
				TARGETED_DEVICE_FAMILY = "1,2";
				TEST_HOST = "$(BUILT_PRODUCTS_DIR)/Navagation App.app/Navagation App";
			};
			name = Debug;
		};
		3FF75D7626B1B2E000BDE575 /* Release */ = {
			isa = XCBuildConfiguration;
			buildSettings = {
				ALWAYS_EMBED_SWIFT_STANDARD_LIBRARIES = YES;
				BUNDLE_LOADER = "$(TEST_HOST)";
				CODE_SIGN_STYLE = Automatic;
				INFOPLIST_FILE = "Navagation AppTests/Info.plist";
				IPHONEOS_DEPLOYMENT_TARGET = 14.5;
				LD_RUNPATH_SEARCH_PATHS = (
					"$(inherited)",
					"@executable_path/Frameworks",
					"@loader_path/Frameworks",
				);
				PRODUCT_BUNDLE_IDENTIFIER = "Genesys-Works.Navagation-AppTests";
				PRODUCT_NAME = "$(TARGET_NAME)";
				SWIFT_VERSION = 5.0;
				TARGETED_DEVICE_FAMILY = "1,2";
				TEST_HOST = "$(BUILT_PRODUCTS_DIR)/Navagation App.app/Navagation App";
			};
			name = Release;
		};
		3FF75D7826B1B2E000BDE575 /* Debug */ = {
			isa = XCBuildConfiguration;
			buildSettings = {
				ALWAYS_EMBED_SWIFT_STANDARD_LIBRARIES = YES;
				CODE_SIGN_STYLE = Automatic;
				INFOPLIST_FILE = "Navagation AppUITests/Info.plist";
				LD_RUNPATH_SEARCH_PATHS = (
					"$(inherited)",
					"@executable_path/Frameworks",
					"@loader_path/Frameworks",
				);
				PRODUCT_BUNDLE_IDENTIFIER = "Genesys-Works.Navagation-AppUITests";
				PRODUCT_NAME = "$(TARGET_NAME)";
				SWIFT_VERSION = 5.0;
				TARGETED_DEVICE_FAMILY = "1,2";
				TEST_TARGET_NAME = "Navagation App";
			};
			name = Debug;
		};
		3FF75D7926B1B2E000BDE575 /* Release */ = {
			isa = XCBuildConfiguration;
			buildSettings = {
				ALWAYS_EMBED_SWIFT_STANDARD_LIBRARIES = YES;
				CODE_SIGN_STYLE = Automatic;
				INFOPLIST_FILE = "Navagation AppUITests/Info.plist";
				LD_RUNPATH_SEARCH_PATHS = (
					"$(inherited)",
					"@executable_path/Frameworks",
					"@loader_path/Frameworks",
				);
				PRODUCT_BUNDLE_IDENTIFIER = "Genesys-Works.Navagation-AppUITests";
				PRODUCT_NAME = "$(TARGET_NAME)";
				SWIFT_VERSION = 5.0;
				TARGETED_DEVICE_FAMILY = "1,2";
				TEST_TARGET_NAME = "Navagation App";
			};
			name = Release;
		};
/* End XCBuildConfiguration section */

/* Begin XCConfigurationList section */
		3FF75D4226B1B2DB00BDE575 /* Build configuration list for PBXProject "Navagation App" */ = {
			isa = XCConfigurationList;
			buildConfigurations = (
				3FF75D6F26B1B2E000BDE575 /* Debug */,
				3FF75D7026B1B2E000BDE575 /* Release */,
			);
			defaultConfigurationIsVisible = 0;
			defaultConfigurationName = Release;
		};
		3FF75D7126B1B2E000BDE575 /* Build configuration list for PBXNativeTarget "Navagation App" */ = {
			isa = XCConfigurationList;
			buildConfigurations = (
				3FF75D7226B1B2E000BDE575 /* Debug */,
				3FF75D7326B1B2E000BDE575 /* Release */,
			);
			defaultConfigurationIsVisible = 0;
			defaultConfigurationName = Release;
		};
		3FF75D7426B1B2E000BDE575 /* Build configuration list for PBXNativeTarget "Navagation AppTests" */ = {
			isa = XCConfigurationList;
			buildConfigurations = (
				3FF75D7526B1B2E000BDE575 /* Debug */,
				3FF75D7626B1B2E000BDE575 /* Release */,
			);
			defaultConfigurationIsVisible = 0;
			defaultConfigurationName = Release;
		};
		3FF75D7726B1B2E000BDE575 /* Build configuration list for PBXNativeTarget "Navagation AppUITests" */ = {
			isa = XCConfigurationList;
			buildConfigurations = (
				3FF75D7826B1B2E000BDE575 /* Debug */,
				3FF75D7926B1B2E000BDE575 /* Release */,
			);
			defaultConfigurationIsVisible = 0;
			defaultConfigurationName = Release;
		};
/* End XCConfigurationList section */
	};
	rootObject = 3FF75D3F26B1B2DB00BDE575 /* Project object */;
}
